dependencies:
- name: cortex
  repository: https://cortexproject.github.io/cortex-helm-chart
  version: 1.7.0
- name: memcached
  repository: https://charts.bitnami.com/bitnami
  version: 6.3.1
- name: memcached
  repository: https://charts.bitnami.com/bitnami
  version: 6.3.1
- name: memcached
  repository: https://charts.bitnami.com/bitnami
  version: 6.3.1
- name: memcached
  repository: https://charts.bitnami.com/bitnami
  version: 6.3.1
- name: memcached
  repository: https://charts.bitnami.com/bitnami
  version: 6.3.1
- name: memcached
  repository: https://charts.bitnami.com/bitnami
  version: 6.3.1
- name: memcached
  repository: https://charts.bitnami.com/bitnami
  version: 6.3.1
digest: sha256:ff8edee24ed15583e386eb601903eea5f862f688bf41de84054a395678bbaaba
generated: "2022-12-14T15:03:58.703975471+01:00"
