# This file is autogenerated, do not edit; changes may be undone by the next 'dep ensure'.


[[projects]]
  name = "github.com/Masterminds/semver"
  packages = ["."]
  revision = "517734cc7d6470c0d07130e40fd40bdeb9bcd3fd"
  version = "v1.3.1"

[[projects]]
  name = "github.com/Masterminds/sprig"
  packages = ["."]
  revision = "9526be0327b26ad31aa70296a7b10704883976d5"
  version = "2.12.0"

[[projects]]
  name = "github.com/PuerkitoBio/purell"
  packages = ["."]
  revision = "0bcb03f4b4d0a9428594752bd2a3b9aa0a9d4bd4"
  version = "v1.1.0"

[[projects]]
  branch = "master"
  name = "github.com/PuerkitoBio/urlesc"
  packages = ["."]
  revision = "de5bf2ad457846296e2031421a34e2568e304e35"

[[projects]]
  name = "github.com/aokoli/goutils"
  packages = ["."]
  revision = "3391d3790d23d03408670993e957e8f408993c34"
  version = "v1.0.1"

[[projects]]
  name = "github.com/aws/aws-sdk-go"
  packages = ["aws","aws/awserr","aws/awsutil","aws/client","aws/client/metadata","aws/corehandlers","aws/credentials","aws/credentials/ec2rolecreds","aws/credentials/endpointcreds","aws/credentials/stscreds","aws/defaults","aws/ec2metadata","aws/endpoints","aws/request","aws/session","aws/signer/v4","internal/shareddefaults","private/protocol","private/protocol/ec2query","private/protocol/query","private/protocol/query/queryutil","private/protocol/rest","private/protocol/xml/xmlutil","service/ec2","service/iam","service/sts"]
  revision = "af01be3e6edf79e6f07b5816cfe0d2c6717e5c7f"
  version = "v1.10.41"

[[projects]]
  branch = "master"
  name = "github.com/beorn7/perks"
  packages = ["quantile"]
  revision = "4c0e84591b9aa9e6dcfdf3e020114cd81f89d5f9"

[[projects]]
  name = "github.com/blang/semver"
  packages = ["."]
  revision = "2ee87856327ba09384cabd113bc6b5d174e9ec0f"
  version = "v3.5.1"

[[projects]]
  branch = "master"
  name = "github.com/coreos/go-oidc"
  packages = ["."]
  revision = "a4973d9a4225417aecf5d450a9522f00c1f7130f"

[[projects]]
  name = "github.com/davecgh/go-spew"
  packages = ["spew"]
  revision = "346938d642f2ec3594ed81d874461961cd0faa76"
  version = "v1.1.0"

[[projects]]
  name = "github.com/docker/distribution"
  packages = ["digest","reference"]
  revision = "48294d928ced5dd9b378f7fd7c6f5da3ff3f2c89"
  version = "v2.6.2"

[[projects]]
  name = "github.com/emicklei/go-restful"
  packages = [".","log","swagger"]
  revision = "777bb3f19bcafe2575ffb2a3e46af92509ae9594"
  version = "v1.2"

[[projects]]
  name = "github.com/ghodss/yaml"
  packages = ["."]
  revision = "0ca9ea5df5451ffdf184b4428c902747c2c11cd7"
  version = "v1.0.0"

[[projects]]
  name = "github.com/go-ini/ini"
  packages = ["."]
  revision = "20b96f641a5ea98f2f8619ff4f3e061cff4833bd"
  version = "v1.28.2"

[[projects]]
  name = "github.com/go-kit/kit"
  packages = ["endpoint","log","transport/http"]
  revision = "a9ca6725cbbea455e61c6bc8a1ed28e81eb3493b"
  version = "v0.5.0"

[[projects]]
  name = "github.com/go-logfmt/logfmt"
  packages = ["."]
  revision = "390ab7935ee28ec6b286364bba9b4dd6410cb3d5"
  version = "v0.3.0"

[[projects]]
  branch = "master"
  name = "github.com/go-openapi/jsonpointer"
  packages = ["."]
  revision = "779f45308c19820f1a69e9a4cd965f496e0da10f"

[[projects]]
  branch = "master"
  name = "github.com/go-openapi/jsonreference"
  packages = ["."]
  revision = "36d33bfe519efae5632669801b180bf1a245da3b"

[[projects]]
  branch = "master"
  name = "github.com/go-openapi/spec"
  packages = ["."]
  revision = "3faa0055dbbf2110abc1f3b4e3adbb22721e96e7"

[[projects]]
  branch = "master"
  name = "github.com/go-openapi/swag"
  packages = ["."]
  revision = "f3f9494671f93fcff853e3c6e9e948b3eb71e590"

[[projects]]
  name = "github.com/go-stack/stack"
  packages = ["."]
  revision = "817915b46b97fd7bb80e8ab6b69f01a53ac3eebf"
  version = "v1.6.0"

[[projects]]
  branch = "master"
  name = "github.com/go-test/deep"
  packages = ["."]
  revision = "f49763a6ea0a91026be26f8213bebee726b4185f"

[[projects]]
  name = "github.com/gogo/protobuf"
  packages = ["proto","sortkeys"]
  revision = "100ba4e885062801d56799d78530b73b178a78f3"
  version = "v0.4"

[[projects]]
  branch = "master"
  name = "github.com/golang/glog"
  packages = ["."]
  revision = "23def4e6c14b4da8ac2ed8007337bc5eb5007998"

[[projects]]
  branch = "master"
  name = "github.com/golang/groupcache"
  packages = ["lru"]
  revision = "b710c8433bd175204919eb38776e944233235d03"

[[projects]]
  branch = "master"
  name = "github.com/golang/protobuf"
  packages = ["proto"]
  revision = "17ce1425424ab154092bbb43af630bd647f3bb0d"

[[projects]]
  branch = "master"
  name = "github.com/google/gofuzz"
  packages = ["."]
  revision = "24818f796faf91cd76ec7bddd72458fbced7a6c1"

[[projects]]
  name = "github.com/gorilla/context"
  packages = ["."]
  revision = "1ea25387ff6f684839d82767c1733ff4d4d15d0a"
  version = "v1.1"

[[projects]]
  name = "github.com/gorilla/handlers"
  packages = ["."]
  revision = "a4043c62cc2329bacda331d33fc908ab11ef0ec3"
  version = "v1.2.1"

[[projects]]
  name = "github.com/gorilla/mux"
  packages = ["."]
  revision = "bcd8bc72b08df0f70df986b97f95590779502d31"
  version = "v1.4.0"

[[projects]]
  branch = "master"
  name = "github.com/howeyc/gopass"
  packages = ["."]
  revision = "bf9dde6d0d2c004a008c27aaee91170c786f6db8"

[[projects]]
  branch = "master"
  name = "github.com/huandu/xstrings"
  packages = ["."]
  revision = "d6590c0c31d16526217fa60fbd2067f7afcd78c5"

[[projects]]
  name = "github.com/imdario/mergo"
  packages = ["."]
  revision = "3e95a51e0639b4cf372f2ccf74c86749d747fbdc"
  version = "0.2.2"

[[projects]]
  name = "github.com/jmespath/go-jmespath"
  packages = ["."]
  revision = "3433f3ea46d9f8019119e7dd41274e112a2359a9"
  version = "0.2.2"

[[projects]]
  branch = "master"
  name = "github.com/juju/ratelimit"
  packages = ["."]
  revision = "5b9ff866471762aa2ab2dced63c9fb6f53921342"

[[projects]]
  branch = "master"
  name = "github.com/kr/logfmt"
  packages = ["."]
  revision = "b84e30acd515aadc4b783ad4ff83aff3299bdfe0"

[[projects]]
  branch = "master"
  name = "github.com/kube-node/nodeset"
  packages = ["pkg/client/clientset_v1alpha1","pkg/client/clientset_v1alpha1/scheme","pkg/client/clientset_v1alpha1/typed/nodeset/v1alpha1","pkg/nodeset/v1alpha1"]
  revision = "ec0e74628bb54f960621380df75d9534dc4970f3"

[[projects]]
  branch = "master"
  name = "github.com/mailru/easyjson"
  packages = ["buffer","jlexer","jwriter"]
  revision = "2a92e673c9a6302dd05c3a691ae1f24aef46457d"

[[projects]]
  name = "github.com/matttproud/golang_protobuf_extensions"
  packages = ["pbutil"]
  revision = "3247c84500bff8d9fb6d579d800f20b3e091582c"
  version = "v1.0.0"

[[projects]]
  branch = "master"
  name = "github.com/pquerna/cachecontrol"
  packages = [".","cacheobject"]
  revision = "5475d973ea70916980bee28c2b674f3dc3eaed0a"

[[projects]]
  name = "github.com/prometheus/client_golang"
  packages = ["prometheus","prometheus/promhttp"]
  revision = "c5b7fccd204277076155f10851dad72b76a49317"
  version = "v0.8.0"

[[projects]]
  branch = "master"
  name = "github.com/prometheus/client_model"
  packages = ["go"]
  revision = "6f3806018612930941127f2a7c6c453ba2c527d2"

[[projects]]
  branch = "master"
  name = "github.com/prometheus/common"
  packages = ["expfmt","internal/bitbucket.org/ww/goautoneg","model"]
  revision = "2f17f4a9d485bf34b4bfaccc273805040e4f86c8"

[[projects]]
  branch = "master"
  name = "github.com/prometheus/procfs"
  packages = [".","xfs"]
  revision = "e645f4e5aaa8506fc71d6edbc5c4ff02c04c46f2"

[[projects]]
  name = "github.com/satori/go.uuid"
  packages = ["."]
  revision = "879c5887cd475cd7864858769793b2ceb0d44feb"
  version = "v1.1.0"

[[projects]]
  name = "github.com/spf13/pflag"
  packages = ["."]
  revision = "e57e3eeb33f795204c1ca35f56c44f83227c6e66"
  version = "v1.0.0"

[[projects]]
  branch = "master"
  name = "github.com/ugorji/go"
  packages = ["codec"]
  revision = "8c0409fcbb70099c748d71f714529204975f6c3f"

[[projects]]
  branch = "master"
  name = "golang.org/x/crypto"
  packages = ["curve25519","ed25519","ed25519/internal/edwards25519","pbkdf2","scrypt","ssh","ssh/terminal"]
  revision = "9ba3862cf6a5452ae579de98f9364dd2e544844c"

[[projects]]
  branch = "master"
  name = "golang.org/x/net"
  packages = ["context","context/ctxhttp","http2","http2/hpack","idna","lex/httplex"]
  revision = "66aacef3dd8a676686c7ae3716979581e8b03c47"

[[projects]]
  branch = "master"
  name = "golang.org/x/oauth2"
  packages = [".","internal"]
  revision = "d89af98d7c6bba047c5a2622f36bc14b8766df85"

[[projects]]
  branch = "master"
  name = "golang.org/x/sys"
  packages = ["unix","windows"]
  revision = "a5054c7c1385fd50d9394475365355a87a7873ec"

[[projects]]
  branch = "master"
  name = "golang.org/x/text"
  packages = ["internal/gen","internal/triegen","internal/ucd","secure/bidirule","transform","unicode/bidi","unicode/cldr","unicode/norm","unicode/rangetable","width"]
  revision = "bd91bbf73e9a4a801adbfb97133c992678533126"

[[projects]]
  name = "google.golang.org/appengine"
  packages = ["internal","internal/base","internal/datastore","internal/log","internal/remote_api","internal/urlfetch","urlfetch"]
  revision = "150dc57a1b433e64154302bdc40b6bb8aefa313a"
  version = "v1.0.0"

[[projects]]
  name = "gopkg.in/inf.v0"
  packages = ["."]
  revision = "3887ee99ecf07df5b447e9b00d9c0b2adaa9f3e4"
  version = "v0.9.0"

[[projects]]
  name = "gopkg.in/square/go-jose.v2"
  packages = [".","cipher","json"]
  revision = "b25e6cab129e4a54675b42ea49d38e9c33ade9e6"
  version = "v2.1.2"

[[projects]]
  branch = "v2"
  name = "gopkg.in/yaml.v2"
  packages = ["."]
  revision = "eb3733d160e74a9c7e442f435eb3bea458e1d19f"

[[projects]]
  branch = "master"
  name = "k8s.io/apimachinery"
  packages = ["pkg/api/equality","pkg/api/errors","pkg/api/meta","pkg/api/resource","pkg/apimachinery","pkg/apimachinery/announced","pkg/apimachinery/registered","pkg/apis/meta/v1","pkg/apis/meta/v1/unstructured","pkg/apis/meta/v1alpha1","pkg/conversion","pkg/conversion/queryparams","pkg/conversion/unstructured","pkg/fields","pkg/labels","pkg/runtime","pkg/runtime/schema","pkg/runtime/serializer","pkg/runtime/serializer/json","pkg/runtime/serializer/protobuf","pkg/runtime/serializer/recognizer","pkg/runtime/serializer/streaming","pkg/runtime/serializer/versioning","pkg/selection","pkg/types","pkg/util/diff","pkg/util/errors","pkg/util/framer","pkg/util/intstr","pkg/util/json","pkg/util/mergepatch","pkg/util/net","pkg/util/rand","pkg/util/runtime","pkg/util/sets","pkg/util/strategicpatch","pkg/util/validation","pkg/util/validation/field","pkg/util/wait","pkg/util/yaml","pkg/version","pkg/watch","third_party/forked/golang/json","third_party/forked/golang/reflect"]
  revision = "b166f81f5c4c88402ae23a0d0944c6ad08bffd3b"

[[projects]]
  name = "k8s.io/client-go"
  packages = ["discovery","discovery/fake","kubernetes","kubernetes/fake","kubernetes/scheme","kubernetes/typed/apps/v1beta1","kubernetes/typed/apps/v1beta1/fake","kubernetes/typed/authentication/v1","kubernetes/typed/authentication/v1/fake","kubernetes/typed/authentication/v1beta1","kubernetes/typed/authentication/v1beta1/fake","kubernetes/typed/authorization/v1","kubernetes/typed/authorization/v1/fake","kubernetes/typed/authorization/v1beta1","kubernetes/typed/authorization/v1beta1/fake","kubernetes/typed/autoscaling/v1","kubernetes/typed/autoscaling/v1/fake","kubernetes/typed/autoscaling/v2alpha1","kubernetes/typed/autoscaling/v2alpha1/fake","kubernetes/typed/batch/v1","kubernetes/typed/batch/v1/fake","kubernetes/typed/batch/v2alpha1","kubernetes/typed/batch/v2alpha1/fake","kubernetes/typed/certificates/v1beta1","kubernetes/typed/certificates/v1beta1/fake","kubernetes/typed/core/v1","kubernetes/typed/core/v1/fake","kubernetes/typed/extensions/v1beta1","kubernetes/typed/extensions/v1beta1/fake","kubernetes/typed/policy/v1beta1","kubernetes/typed/policy/v1beta1/fake","kubernetes/typed/rbac/v1alpha1","kubernetes/typed/rbac/v1alpha1/fake","kubernetes/typed/rbac/v1beta1","kubernetes/typed/rbac/v1beta1/fake","kubernetes/typed/settings/v1alpha1","kubernetes/typed/settings/v1alpha1/fake","kubernetes/typed/storage/v1","kubernetes/typed/storage/v1/fake","kubernetes/typed/storage/v1beta1","kubernetes/typed/storage/v1beta1/fake","pkg/api","pkg/api/install","pkg/api/v1","pkg/apis/apps","pkg/apis/apps/install","pkg/apis/apps/v1beta1","pkg/apis/authentication","pkg/apis/authentication/install","pkg/apis/authentication/v1","pkg/apis/authentication/v1beta1","pkg/apis/authorization","pkg/apis/authorization/install","pkg/apis/authorization/v1","pkg/apis/authorization/v1beta1","pkg/apis/autoscaling","pkg/apis/autoscaling/install","pkg/apis/autoscaling/v1","pkg/apis/autoscaling/v2alpha1","pkg/apis/batch","pkg/apis/batch/install","pkg/apis/batch/v1","pkg/apis/batch/v2alpha1","pkg/apis/certificates","pkg/apis/certificates/install","pkg/apis/certificates/v1beta1","pkg/apis/extensions","pkg/apis/extensions/install","pkg/apis/extensions/v1beta1","pkg/apis/policy","pkg/apis/policy/install","pkg/apis/policy/v1beta1","pkg/apis/rbac","pkg/apis/rbac/install","pkg/apis/rbac/v1alpha1","pkg/apis/rbac/v1beta1","pkg/apis/settings","pkg/apis/settings/install","pkg/apis/settings/v1alpha1","pkg/apis/storage","pkg/apis/storage/install","pkg/apis/storage/v1","pkg/apis/storage/v1beta1","pkg/util","pkg/util/parsers","pkg/version","rest","rest/fake","rest/watch","testing","tools/auth","tools/cache","tools/clientcmd","tools/clientcmd/api","tools/clientcmd/api/latest","tools/clientcmd/api/v1","tools/metrics","tools/record","transport","util/cert","util/cert/triple","util/clock","util/flowcontrol","util/homedir","util/integer"]
  revision = "21300e3e11c918b8e6a70fb7293b310683d6c046"
  version = "v3.0.0"

[[projects]]
  branch = "master"
  name = "k8s.io/kube-openapi"
  packages = ["pkg/common"]
  revision = "abfc5fbe1cf87ee697db107fdfd24c32fe4397a8"

[solve-meta]
  analyzer-name = "dep"
  analyzer-version = 1
  inputs-digest = "1b412f38d54bf9146fac164f90efa70e0ee8f662606e00f3179e15ebcf452b49"
  solver-name = "gps-cdcl"
  solver-version = 1
